PODS:
  - Alamofire (5.6.2)

DEPENDENCIES:
  - Alamofire

SPEC REPOS:
  https://mirrors.tuna.tsinghua.edu.cn/git/CocoaPods/Specs.git:
    - Alamofire

SPEC CHECKSUMS:
  Alamofire: d368e1ff8a298e6dde360e35a3e68e6c610e7204

PODFILE CHECKSUM: 357f1e300699caf8976b70d39f9bea87d857456d

COCOAPODS: 1.11.3
